
Microsoft Visual Studio Solution File, Format Version 12.00
# Visual Studio Version 17
VisualStudioVersion = 17.1.32414.318
MinimumVisualStudioVersion = 10.0.40219.1
Project("{9A19103F-16F7-4668-BE54-9A1E7A4F7556}") = "SistemaVentas.WebApi", "SistemaVentas.WebApi\SistemaVentas.WebApi.csproj", "{022F74E0-1CCD-4C13-A0A3-E1FFEFFE3C51}"
EndProject
Project("{FAE04EC0-301F-11D3-BF4B-00C04F79EFBC}") = "SistemaVentas.Entidades", "SistemaVentas.Entidades\SistemaVentas.Entidades.csproj", "{CD5BF8F4-5368-486E-84BF-F9F71BBB7237}"
EndProject
Project("{FAE04EC0-301F-11D3-BF4B-00C04F79EFBC}") = "SistemaVentas.AccesoDatos", "SistemaVentas.AccesoDatos\SistemaVentas.AccesoDatos.csproj", "{0191C832-A5B3-4ED7-8E1E-BC6BA4D194EC}"
EndProject
Project("{FAE04EC0-301F-11D3-BF4B-00C04F79EFBC}") = "SistemaVentas.WebBlazor", "SistemaVentas.WebBlazor\SistemaVentas.WebBlazor.csproj", "{9B45FAFF-C0DA-4908-B965-32CB14628B1F}"
EndProject
Project("{2150E333-8FDC-42A3-9474-1A3956D46DE8}") = "Solution Items", "Solution Items", "{EB7C0E17-14EF-4EE7-990A-3B1A89EA5131}"
	ProjectSection(SolutionItems) = preProject
		README.md = README.md
	EndProjectSection
EndProject
Global
	GlobalSection(SolutionConfigurationPlatforms) = preSolution
		Debug|Any CPU = Debug|Any CPU
		Release|Any CPU = Release|Any CPU
	EndGlobalSection
	GlobalSection(ProjectConfigurationPlatforms) = postSolution
		{022F74E0-1CCD-4C13-A0A3-E1FFEFFE3C51}.Debug|Any CPU.ActiveCfg = Debug|Any CPU
		{022F74E0-1CCD-4C13-A0A3-E1FFEFFE3C51}.Debug|Any CPU.Build.0 = Debug|Any CPU
		{022F74E0-1CCD-4C13-A0A3-E1FFEFFE3C51}.Release|Any CPU.ActiveCfg = Release|Any CPU
		{022F74E0-1CCD-4C13-A0A3-E1FFEFFE3C51}.Release|Any CPU.Build.0 = Release|Any CPU
		{CD5BF8F4-5368-486E-84BF-F9F71BBB7237}.Debug|Any CPU.ActiveCfg = Debug|Any CPU
		{CD5BF8F4-5368-486E-84BF-F9F71BBB7237}.Debug|Any CPU.Build.0 = Debug|Any CPU
		{CD5BF8F4-5368-486E-84BF-F9F71BBB7237}.Release|Any CPU.ActiveCfg = Release|Any CPU
		{CD5BF8F4-5368-486E-84BF-F9F71BBB7237}.Release|Any CPU.Build.0 = Release|Any CPU
		{0191C832-A5B3-4ED7-8E1E-BC6BA4D194EC}.Debug|Any CPU.ActiveCfg = Debug|Any CPU
		{0191C832-A5B3-4ED7-8E1E-BC6BA4D194EC}.Debug|Any CPU.Build.0 = Debug|Any CPU
		{0191C832-A5B3-4ED7-8E1E-BC6BA4D194EC}.Release|Any CPU.ActiveCfg = Release|Any CPU
		{0191C832-A5B3-4ED7-8E1E-BC6BA4D194EC}.Release|Any CPU.Build.0 = Release|Any CPU
		{9B45FAFF-C0DA-4908-B965-32CB14628B1F}.Debug|Any CPU.ActiveCfg = Debug|Any CPU
		{9B45FAFF-C0DA-4908-B965-32CB14628B1F}.Debug|Any CPU.Build.0 = Debug|Any CPU
		{9B45FAFF-C0DA-4908-B965-32CB14628B1F}.Release|Any CPU.ActiveCfg = Release|Any CPU
		{9B45FAFF-C0DA-4908-B965-32CB14628B1F}.Release|Any CPU.Build.0 = Release|Any CPU
	EndGlobalSection
	GlobalSection(SolutionProperties) = preSolution
		HideSolutionNode = FALSE
	EndGlobalSection
	GlobalSection(ExtensibilityGlobals) = postSolution
		SolutionGuid = {160C6CE4-BED9-4D6C-8DDE-468F6DBCDD5B}
	EndGlobalSection
EndGlobal
